PODS:
  - APSHTTPClient (0.1.0)
  - Expecta (1.0.6)
  - Specta (1.0.7)

DEPENDENCIES:
  - APSHTTPClient (from `../`)
  - Expecta
  - Specta

SPEC REPOS:
  trunk:
    - Expecta
    - Specta

EXTERNAL SOURCES:
  APSHTTPClient:
    :path: "../"

SPEC CHECKSUMS:
  APSHTTPClient: c73aa2b6c0962ad3d023a17d963b168cf0861ef2
  Expecta: 3b6bd90a64b9a1dcb0b70aa0e10a7f8f631667d5
  Specta: 3e1bd89c3517421982dc4d1c992503e48bd5fe66

PODFILE CHECKSUM: 541abe96d45c8f5f46406e0300b1c928cb893259

COCOAPODS: 1.9.3
