// !$*UTF8*$!
{
	archiveVersion = 1;
	classes = {
	};
	objectVersion = 46;
	objects = {

/* Begin PBXAggregateTarget section */
		B635EDA518FDB90A0038B130 /* APSHTTPClient.framework */ = {
			isa = PBXAggregateTarget;
			buildConfigurationList = B635EDA618FDB90A0038B130 /* Build configuration list for PBXAggregateTarget "APSHTTPClient.framework" */;
			buildPhases = (
				B635EDA918FDB9330038B130 /* ShellScript */,
			);
			dependencies = (
			);
			name = APSHTTPClient.framework;
			productName = APSHTTPClient.framework;
		};
/* End PBXAggregateTarget section */

/* Begin PBXBuildFile section */
		B62D6426190AE55200BE4C69 /* APSHTTPClient.h in Headers */ = {isa = PBXBuildFile; fileRef = B635ED6218FDB4B00038B130 /* APSHTTPClient.h */; settings = {ATTRIBUTES = (Public, ); }; };
		B62D6427190AE55200BE4C69 /* APSHTTPHelper.h in Headers */ = {isa = PBXBuildFile; fileRef = B635ED5818FDB4B00038B130 /* APSHTTPHelper.h */; settings = {ATTRIBUTES = (Public, ); }; };
		B62D6428190AE55200BE4C69 /* APSHTTPOperation.h in Headers */ = {isa = PBXBuildFile; fileRef = B635ED5A18FDB4B00038B130 /* APSHTTPOperation.h */; settings = {ATTRIBUTES = (Public, ); }; };
		B62D6429190AE55200BE4C69 /* APSHTTPPostForm.h in Headers */ = {isa = PBXBuildFile; fileRef = B635ED5C18FDB4B00038B130 /* APSHTTPPostForm.h */; settings = {ATTRIBUTES = (Public, ); }; };
		B62D642A190AE55200BE4C69 /* APSHTTPRequest.h in Headers */ = {isa = PBXBuildFile; fileRef = B635ED5E18FDB4B00038B130 /* APSHTTPRequest.h */; settings = {ATTRIBUTES = (Public, ); }; };
		B62D642B190AE55200BE4C69 /* APSHTTPResponse.h in Headers */ = {isa = PBXBuildFile; fileRef = B635ED6018FDB4B00038B130 /* APSHTTPResponse.h */; settings = {ATTRIBUTES = (Public, ); }; };
		B6C4B8A4190AE13E00482D2E /* APSHTTPHelper.m in Sources */ = {isa = PBXBuildFile; fileRef = B635ED5918FDB4B00038B130 /* APSHTTPHelper.m */; };
		B6C4B8A5190AE13E00482D2E /* APSHTTPOperation.m in Sources */ = {isa = PBXBuildFile; fileRef = B635ED5B18FDB4B00038B130 /* APSHTTPOperation.m */; };
		B6C4B8A6190AE13E00482D2E /* APSHTTPPostForm.m in Sources */ = {isa = PBXBuildFile; fileRef = B635ED5D18FDB4B00038B130 /* APSHTTPPostForm.m */; };
		B6C4B8A7190AE13E00482D2E /* APSHTTPRequest.m in Sources */ = {isa = PBXBuildFile; fileRef = B635ED5F18FDB4B00038B130 /* APSHTTPRequest.m */; };
		B6C4B8A8190AE13E00482D2E /* APSHTTPResponse.m in Sources */ = {isa = PBXBuildFile; fileRef = B635ED6118FDB4B00038B130 /* APSHTTPResponse.m */; };
/* End PBXBuildFile section */

/* Begin PBXCopyFilesBuildPhase section */
		B6C4B87D190AE0FB00482D2E /* CopyFiles */ = {
			isa = PBXCopyFilesBuildPhase;
			buildActionMask = 2147483647;
			dstPath = "include/$(PRODUCT_NAME)";
			dstSubfolderSpec = 16;
			files = (
			);
			runOnlyForDeploymentPostprocessing = 0;
		};
/* End PBXCopyFilesBuildPhase section */

/* Begin PBXFileReference section */
		B635ED4E18FDB3320038B130 /* APSHTTPClient-Info.plist */ = {isa = PBXFileReference; lastKnownFileType = text.plist.xml; path = "APSHTTPClient-Info.plist"; sourceTree = "<group>"; };
		B635ED5018FDB3320038B130 /* en */ = {isa = PBXFileReference; lastKnownFileType = text.plist.strings; name = en; path = en.lproj/InfoPlist.strings; sourceTree = "<group>"; };
		B635ED5218FDB3320038B130 /* APSHTTPClient-Prefix.pch */ = {isa = PBXFileReference; lastKnownFileType = sourcecode.c.h; path = "APSHTTPClient-Prefix.pch"; sourceTree = "<group>"; };
		B635ED5818FDB4B00038B130 /* APSHTTPHelper.h */ = {isa = PBXFileReference; fileEncoding = 4; lastKnownFileType = sourcecode.c.h; path = APSHTTPHelper.h; sourceTree = "<group>"; };
		B635ED5918FDB4B00038B130 /* APSHTTPHelper.m */ = {isa = PBXFileReference; fileEncoding = 4; lastKnownFileType = sourcecode.c.objc; path = APSHTTPHelper.m; sourceTree = "<group>"; };
		B635ED5A18FDB4B00038B130 /* APSHTTPOperation.h */ = {isa = PBXFileReference; fileEncoding = 4; lastKnownFileType = sourcecode.c.h; path = APSHTTPOperation.h; sourceTree = "<group>"; };
		B635ED5B18FDB4B00038B130 /* APSHTTPOperation.m */ = {isa = PBXFileReference; fileEncoding = 4; lastKnownFileType = sourcecode.c.objc; path = APSHTTPOperation.m; sourceTree = "<group>"; };
		B635ED5C18FDB4B00038B130 /* APSHTTPPostForm.h */ = {isa = PBXFileReference; fileEncoding = 4; lastKnownFileType = sourcecode.c.h; path = APSHTTPPostForm.h; sourceTree = "<group>"; };
		B635ED5D18FDB4B00038B130 /* APSHTTPPostForm.m */ = {isa = PBXFileReference; fileEncoding = 4; lastKnownFileType = sourcecode.c.objc; path = APSHTTPPostForm.m; sourceTree = "<group>"; };
		B635ED5E18FDB4B00038B130 /* APSHTTPRequest.h */ = {isa = PBXFileReference; fileEncoding = 4; lastKnownFileType = sourcecode.c.h; path = APSHTTPRequest.h; sourceTree = "<group>"; };
		B635ED5F18FDB4B00038B130 /* APSHTTPRequest.m */ = {isa = PBXFileReference; fileEncoding = 4; lastKnownFileType = sourcecode.c.objc; path = APSHTTPRequest.m; sourceTree = "<group>"; };
		B635ED6018FDB4B00038B130 /* APSHTTPResponse.h */ = {isa = PBXFileReference; fileEncoding = 4; lastKnownFileType = sourcecode.c.h; path = APSHTTPResponse.h; sourceTree = "<group>"; };
		B635ED6118FDB4B00038B130 /* APSHTTPResponse.m */ = {isa = PBXFileReference; fileEncoding = 4; lastKnownFileType = sourcecode.c.objc; path = APSHTTPResponse.m; sourceTree = "<group>"; };
		B635ED6218FDB4B00038B130 /* APSHTTPClient.h */ = {isa = PBXFileReference; fileEncoding = 4; lastKnownFileType = sourcecode.c.h; path = APSHTTPClient.h; sourceTree = "<group>"; };
		B6C4B87F190AE0FB00482D2E /* libAPSHTTPClient.a */ = {isa = PBXFileReference; explicitFileType = archive.ar; includeInIndex = 0; path = libAPSHTTPClient.a; sourceTree = BUILT_PRODUCTS_DIR; };
/* End PBXFileReference section */

/* Begin PBXFrameworksBuildPhase section */
		B6C4B87C190AE0FB00482D2E /* Frameworks */ = {
			isa = PBXFrameworksBuildPhase;
			buildActionMask = 2147483647;
			files = (
			);
			runOnlyForDeploymentPostprocessing = 0;
		};
/* End PBXFrameworksBuildPhase section */

/* Begin PBXGroup section */
		B635ED3E18FDB3310038B130 = {
			isa = PBXGroup;
			children = (
				B635ED4C18FDB3320038B130 /* APSHTTPClient */,
				B635ED4918FDB3320038B130 /* Frameworks */,
				B635ED4818FDB3320038B130 /* Products */,
			);
			sourceTree = "<group>";
		};
		B635ED4818FDB3320038B130 /* Products */ = {
			isa = PBXGroup;
			children = (
				B6C4B87F190AE0FB00482D2E /* libAPSHTTPClient.a */,
			);
			name = Products;
			sourceTree = "<group>";
		};
		B635ED4918FDB3320038B130 /* Frameworks */ = {
			isa = PBXGroup;
			children = (
			);
			name = Frameworks;
			sourceTree = "<group>";
		};
		B635ED4C18FDB3320038B130 /* APSHTTPClient */ = {
			isa = PBXGroup;
			children = (
				B635ED6218FDB4B00038B130 /* APSHTTPClient.h */,
				B635ED5818FDB4B00038B130 /* APSHTTPHelper.h */,
				B635ED5918FDB4B00038B130 /* APSHTTPHelper.m */,
				B635ED5A18FDB4B00038B130 /* APSHTTPOperation.h */,
				B635ED5B18FDB4B00038B130 /* APSHTTPOperation.m */,
				B635ED5C18FDB4B00038B130 /* APSHTTPPostForm.h */,
				B635ED5D18FDB4B00038B130 /* APSHTTPPostForm.m */,
				B635ED5E18FDB4B00038B130 /* APSHTTPRequest.h */,
				B635ED5F18FDB4B00038B130 /* APSHTTPRequest.m */,
				B635ED6018FDB4B00038B130 /* APSHTTPResponse.h */,
				B635ED6118FDB4B00038B130 /* APSHTTPResponse.m */,
				B635ED4D18FDB3320038B130 /* Supporting Files */,
			);
			path = APSHTTPClient;
			sourceTree = "<group>";
		};
		B635ED4D18FDB3320038B130 /* Supporting Files */ = {
			isa = PBXGroup;
			children = (
				B635ED4E18FDB3320038B130 /* APSHTTPClient-Info.plist */,
				B635ED4F18FDB3320038B130 /* InfoPlist.strings */,
				B635ED5218FDB3320038B130 /* APSHTTPClient-Prefix.pch */,
			);
			name = "Supporting Files";
			sourceTree = "<group>";
		};
/* End PBXGroup section */

/* Begin PBXHeadersBuildPhase section */
		B62D6425190AE54100BE4C69 /* Headers */ = {
			isa = PBXHeadersBuildPhase;
			buildActionMask = 2147483647;
			files = (
				B62D6426190AE55200BE4C69 /* APSHTTPClient.h in Headers */,
				B62D6427190AE55200BE4C69 /* APSHTTPHelper.h in Headers */,
				B62D6428190AE55200BE4C69 /* APSHTTPOperation.h in Headers */,
				B62D6429190AE55200BE4C69 /* APSHTTPPostForm.h in Headers */,
				B62D642A190AE55200BE4C69 /* APSHTTPRequest.h in Headers */,
				B62D642B190AE55200BE4C69 /* APSHTTPResponse.h in Headers */,
			);
			runOnlyForDeploymentPostprocessing = 0;
		};
/* End PBXHeadersBuildPhase section */

/* Begin PBXNativeTarget section */
		B6C4B87E190AE0FB00482D2E /* APSHTTPClient */ = {
			isa = PBXNativeTarget;
			buildConfigurationList = B6C4B8A2190AE0FC00482D2E /* Build configuration list for PBXNativeTarget "APSHTTPClient" */;
			buildPhases = (
				B6C4B87B190AE0FB00482D2E /* Sources */,
				B6C4B87C190AE0FB00482D2E /* Frameworks */,
				B6C4B87D190AE0FB00482D2E /* CopyFiles */,
				B62D6425190AE54100BE4C69 /* Headers */,
			);
			buildRules = (
			);
			dependencies = (
			);
			name = APSHTTPClient;
			productName = APSHTTPClient.library;
			productReference = B6C4B87F190AE0FB00482D2E /* libAPSHTTPClient.a */;
			productType = "com.apple.product-type.library.static";
		};
/* End PBXNativeTarget section */

/* Begin PBXProject section */
		B635ED3F18FDB3310038B130 /* Project object */ = {
			isa = PBXProject;
			attributes = {
				LastUpgradeCheck = 0500;
				ORGANIZATIONNAME = "Pedro Enrique";
			};
			buildConfigurationList = B635ED4218FDB3310038B130 /* Build configuration list for PBXProject "APSHTTPClient" */;
			compatibilityVersion = "Xcode 3.2";
			developmentRegion = English;
			hasScannedForEncodings = 0;
			knownRegions = (
				en,
			);
			mainGroup = B635ED3E18FDB3310038B130;
			productRefGroup = B635ED4818FDB3320038B130 /* Products */;
			projectDirPath = "";
			projectRoot = "";
			targets = (
				B6C4B87E190AE0FB00482D2E /* APSHTTPClient */,
				B635EDA518FDB90A0038B130 /* APSHTTPClient.framework */,
			);
		};
/* End PBXProject section */

/* Begin PBXShellScriptBuildPhase section */
		B635EDA918FDB9330038B130 /* ShellScript */ = {
			isa = PBXShellScriptBuildPhase;
			buildActionMask = 2147483647;
			files = (
			);
			inputPaths = (
			);
			outputPaths = (
			);
			runOnlyForDeploymentPostprocessing = 0;
			shellPath = /bin/sh;
			shellScript = "xcodebuild clean -target 'APSHTTPClient' -sdk iphoneos\nxcodebuild clean -target 'APSHTTPClient' -sdk iphonesimulator\n\nxcodebuild -configuration ${CONFIGURATION} -target APSHTTPClient -sdk iphoneos -SYMROOT=${SYMROOT} -OBJROOT=${OBJROOT}\n\nxcodebuild -configuration ${CONFIGURATION} -target APSHTTPClient -sdk iphonesimulator -SYMROOT=${SYMROOT} -OBJROOT=${OBJROOT}\n\nINSTALL_DIR=${SRCROOT}/${TARGET_NAME}\nBUILD_DIR=${SRCROOT}/build\n\n\nDEVICE_DIR=${BUILD_DIR}/${CONFIGURATION}-iphoneos\nSIMULATOR_DIR=${BUILD_DIR}/${CONFIGURATION}-iphonesimulator\n\n# Create and renews the final product folder.\n\nrm -rf \"${INSTALL_DIR}\"\necho \"${INSTALL_DIR}\"\n\nmkdir -p \"${INSTALL_DIR}\"\n\nmkdir -p \"${INSTALL_DIR}/Versions/A/Headers\"\n\nxcrun -sdk iphoneos lipo -create ${SIMULATOR_DIR}/libAPSHTTPClient.a ${DEVICE_DIR}/libAPSHTTPClient.a -o ${INSTALL_DIR}/Versions/A/APSHTTPClient\n\n# Copy the header files to the final product folder.\ncp -r \"${SIMULATOR_DIR}/usr/local/include/\" \"${INSTALL_DIR}/Versions/A/Headers/\"\n\n#create relative symbolic link.\ncd ${INSTALL_DIR}\n\n#link\nln -s A Versions/Current\nln -s Versions/A/APSHTTPClient APSHTTPClient\nln -s Versions/A/Headers Headers\n\ncd ${SRCROOT}\n\nmkdir -p \"builds/framework/${CONFIGURATION}\"\nmkdir -p \"builds/static_lib/${CONFIGURATION}/include\"\n\nmv \"${INSTALL_DIR}\" \"builds/framework/${CONFIGURATION}\"\nxcrun -sdk iphoneos lipo -create ${SIMULATOR_DIR}/libAPSHTTPClient.a ${DEVICE_DIR}/libAPSHTTPClient.a -o builds/static_lib/${CONFIGURATION}/libAPSHTTPClient.a\ncp -r \"${SIMULATOR_DIR}/usr/local/include/\" \"builds/static_lib/${CONFIGURATION}/include\"\n";
		};
/* End PBXShellScriptBuildPhase section */

/* Begin PBXSourcesBuildPhase section */
		B6C4B87B190AE0FB00482D2E /* Sources */ = {
			isa = PBXSourcesBuildPhase;
			buildActionMask = 2147483647;
			files = (
				B6C4B8A4190AE13E00482D2E /* APSHTTPHelper.m in Sources */,
				B6C4B8A5190AE13E00482D2E /* APSHTTPOperation.m in Sources */,
				B6C4B8A6190AE13E00482D2E /* APSHTTPPostForm.m in Sources */,
				B6C4B8A7190AE13E00482D2E /* APSHTTPRequest.m in Sources */,
				B6C4B8A8190AE13E00482D2E /* APSHTTPResponse.m in Sources */,
			);
			runOnlyForDeploymentPostprocessing = 0;
		};
/* End PBXSourcesBuildPhase section */

/* Begin PBXVariantGroup section */
		B635ED4F18FDB3320038B130 /* InfoPlist.strings */ = {
			isa = PBXVariantGroup;
			children = (
				B635ED5018FDB3320038B130 /* en */,
			);
			name = InfoPlist.strings;
			sourceTree = "<group>";
		};
/* End PBXVariantGroup section */

/* Begin XCBuildConfiguration section */
		B635ED5318FDB3320038B130 /* Debug */ = {
			isa = XCBuildConfiguration;
			buildSettings = {
				ALWAYS_SEARCH_USER_PATHS = NO;
				ARCHS = "$(ARCHS_STANDARD)";
				CLANG_CXX_LANGUAGE_STANDARD = "gnu++0x";
				CLANG_CXX_LIBRARY = "libc++";
				CLANG_ENABLE_OBJC_ARC = NO;
				CLANG_WARN_BOOL_CONVERSION = YES;
				CLANG_WARN_CONSTANT_CONVERSION = YES;
				CLANG_WARN_DIRECT_OBJC_ISA_USAGE = YES_ERROR;
				CLANG_WARN_EMPTY_BODY = YES;
				CLANG_WARN_ENUM_CONVERSION = YES;
				CLANG_WARN_INT_CONVERSION = YES;
				CLANG_WARN_OBJC_ROOT_CLASS = YES_ERROR;
				CLANG_WARN__DUPLICATE_METHOD_MATCH = YES;
				COPY_PHASE_STRIP = NO;
				DEAD_CODE_STRIPPING = NO;
				GCC_C_LANGUAGE_STANDARD = gnu99;
				GCC_DYNAMIC_NO_PIC = NO;
				GCC_ENABLE_OBJC_EXCEPTIONS = YES;
				GCC_OPTIMIZATION_LEVEL = 0;
				GCC_PREPROCESSOR_DEFINITIONS = (
					"DEBUG=1",
					"$(inherited)",
				);
				GCC_SYMBOLS_PRIVATE_EXTERN = NO;
				GCC_WARN_64_TO_32_BIT_CONVERSION = YES;
				GCC_WARN_ABOUT_RETURN_TYPE = YES_ERROR;
				GCC_WARN_UNDECLARED_SELECTOR = YES;
				GCC_WARN_UNINITIALIZED_AUTOS = YES;
				GCC_WARN_UNUSED_FUNCTION = YES;
				GCC_WARN_UNUSED_VARIABLE = YES;
				INSTALL_PATH = "$(BUILT_PRODUCTS_DIR)";
				IPHONEOS_DEPLOYMENT_TARGET = 5.1.1;
				LINK_WITH_STANDARD_LIBRARIES = NO;
				MACH_O_TYPE = mh_object;
				MACOSX_DEPLOYMENT_TARGET = "";
				ONLY_ACTIVE_ARCH = YES;
				PRODUCT_NAME = APSHTTPClient;
				SDKROOT = iphoneos;
				SUPPORTED_PLATFORMS = "iphonesimulator iphoneos";
				VALID_ARCHS = "arm64 armv7 armv7s i386 x86_64";
				WRAPPER_EXTENSION = framework;
			};
			name = Debug;
		};
		B635ED5418FDB3320038B130 /* Release */ = {
			isa = XCBuildConfiguration;
			buildSettings = {
				ALWAYS_SEARCH_USER_PATHS = NO;
				ARCHS = "$(ARCHS_STANDARD)";
				CLANG_CXX_LANGUAGE_STANDARD = "gnu++0x";
				CLANG_CXX_LIBRARY = "libc++";
				CLANG_ENABLE_OBJC_ARC = NO;
				CLANG_WARN_BOOL_CONVERSION = YES;
				CLANG_WARN_CONSTANT_CONVERSION = YES;
				CLANG_WARN_DIRECT_OBJC_ISA_USAGE = YES_ERROR;
				CLANG_WARN_EMPTY_BODY = YES;
				CLANG_WARN_ENUM_CONVERSION = YES;
				CLANG_WARN_INT_CONVERSION = YES;
				CLANG_WARN_OBJC_ROOT_CLASS = YES_ERROR;
				CLANG_WARN__DUPLICATE_METHOD_MATCH = YES;
				COPY_PHASE_STRIP = YES;
				DEAD_CODE_STRIPPING = NO;
				DEBUG_INFORMATION_FORMAT = "dwarf-with-dsym";
				ENABLE_NS_ASSERTIONS = NO;
				GCC_C_LANGUAGE_STANDARD = gnu99;
				GCC_ENABLE_OBJC_EXCEPTIONS = YES;
				GCC_WARN_64_TO_32_BIT_CONVERSION = YES;
				GCC_WARN_ABOUT_RETURN_TYPE = YES_ERROR;
				GCC_WARN_UNDECLARED_SELECTOR = YES;
				GCC_WARN_UNINITIALIZED_AUTOS = YES;
				GCC_WARN_UNUSED_FUNCTION = YES;
				GCC_WARN_UNUSED_VARIABLE = YES;
				INSTALL_PATH = "$(BUILT_PRODUCTS_DIR)";
				IPHONEOS_DEPLOYMENT_TARGET = 5.1.1;
				LINK_WITH_STANDARD_LIBRARIES = NO;
				MACH_O_TYPE = mh_object;
				MACOSX_DEPLOYMENT_TARGET = "";
				PRODUCT_NAME = APSHTTPClient;
				SDKROOT = iphoneos;
				SUPPORTED_PLATFORMS = "iphonesimulator iphoneos";
				VALID_ARCHS = "arm64 armv7 armv7s i386 x86_64";
				WRAPPER_EXTENSION = framework;
			};
			name = Release;
		};
		B635EDA718FDB90A0038B130 /* Debug */ = {
			isa = XCBuildConfiguration;
			buildSettings = {
				ARCHS = "$(ARCHS_STANDARD_INCLUDING_64_BIT)";
				ONLY_ACTIVE_ARCH = NO;
				PRODUCT_NAME = "$(TARGET_NAME)";
			};
			name = Debug;
		};
		B635EDA818FDB90A0038B130 /* Release */ = {
			isa = XCBuildConfiguration;
			buildSettings = {
				ARCHS = "$(ARCHS_STANDARD_INCLUDING_64_BIT)";
				PRODUCT_NAME = "$(TARGET_NAME)";
			};
			name = Release;
		};
		B6C4B89E190AE0FC00482D2E /* Debug */ = {
			isa = XCBuildConfiguration;
			buildSettings = {
				ARCHS = "$(ARCHS_STANDARD_INCLUDING_64_BIT)";
				CLANG_ENABLE_MODULES = YES;
				CLANG_ENABLE_OBJC_ARC = NO;
				DSTROOT = /tmp/APSHTTPClient_library.dst;
				GCC_PRECOMPILE_PREFIX_HEADER = YES;
				GCC_PREFIX_HEADER = "APSHTTPClient/APSHTTPClient-Prefix.pch";
				GCC_PREPROCESSOR_DEFINITIONS = (
					"DEBUG=1",
					"$(inherited)",
				);
				GCC_WARN_UNINITIALIZED_AUTOS = YES_AGGRESSIVE;
				IPHONEOS_DEPLOYMENT_TARGET = 6.0;
				ONLY_ACTIVE_ARCH = NO;
				OTHER_LDFLAGS = "-ObjC";
				PRODUCT_NAME = APSHTTPClient;
				SKIP_INSTALL = YES;
				WRAPPER_EXTENSION = "";
			};
			name = Debug;
		};
		B6C4B89F190AE0FC00482D2E /* Release */ = {
			isa = XCBuildConfiguration;
			buildSettings = {
				ARCHS = "$(ARCHS_STANDARD_INCLUDING_64_BIT)";
				CLANG_ENABLE_MODULES = YES;
				CLANG_ENABLE_OBJC_ARC = NO;
				DSTROOT = /tmp/APSHTTPClient_library.dst;
				GCC_PRECOMPILE_PREFIX_HEADER = YES;
				GCC_PREFIX_HEADER = "APSHTTPClient/APSHTTPClient-Prefix.pch";
				GCC_WARN_UNINITIALIZED_AUTOS = YES_AGGRESSIVE;
				IPHONEOS_DEPLOYMENT_TARGET = 6.0;
				OTHER_LDFLAGS = "-ObjC";
				PRODUCT_NAME = APSHTTPClient;
				SKIP_INSTALL = YES;
				VALIDATE_PRODUCT = YES;
				WRAPPER_EXTENSION = "";
			};
			name = Release;
		};
/* End XCBuildConfiguration section */

/* Begin XCConfigurationList section */
		B635ED4218FDB3310038B130 /* Build configuration list for PBXProject "APSHTTPClient" */ = {
			isa = XCConfigurationList;
			buildConfigurations = (
				B635ED5318FDB3320038B130 /* Debug */,
				B635ED5418FDB3320038B130 /* Release */,
			);
			defaultConfigurationIsVisible = 0;
			defaultConfigurationName = Release;
		};
		B635EDA618FDB90A0038B130 /* Build configuration list for PBXAggregateTarget "APSHTTPClient.framework" */ = {
			isa = XCConfigurationList;
			buildConfigurations = (
				B635EDA718FDB90A0038B130 /* Debug */,
				B635EDA818FDB90A0038B130 /* Release */,
			);
			defaultConfigurationIsVisible = 0;
			defaultConfigurationName = Release;
		};
		B6C4B8A2190AE0FC00482D2E /* Build configuration list for PBXNativeTarget "APSHTTPClient" */ = {
			isa = XCConfigurationList;
			buildConfigurations = (
				B6C4B89E190AE0FC00482D2E /* Debug */,
				B6C4B89F190AE0FC00482D2E /* Release */,
			);
			defaultConfigurationIsVisible = 0;
			defaultConfigurationName = Release;
		};
/* End XCConfigurationList section */
	};
	rootObject = B635ED3F18FDB3310038B130 /* Project object */;
}
