// !$*UTF8*$!
{
	archiveVersion = 1;
	classes = {
	};
	objectVersion = 46;
	objects = {

/* Begin PBXAggregateTarget section */
		B635EDA518FDB90A0038B130 /* TiHTTPClient.framework */ = {
			isa = PBXAggregateTarget;
			buildConfigurationList = B635EDA618FDB90A0038B130 /* Build configuration list for PBXAggregateTarget "TiHTTPClient.framework" */;
			buildPhases = (
				B635EDA918FDB9330038B130 /* ShellScript */,
			);
			dependencies = (
			);
			name = TiHTTPClient.framework;
			productName = TiHTTPClient.framework;
		};
/* End PBXAggregateTarget section */

/* Begin PBXBuildFile section */
		B635ED4B18FDB3320038B130 /* CoreFoundation.framework in Frameworks */ = {isa = PBXBuildFile; fileRef = B635ED4A18FDB3320038B130 /* CoreFoundation.framework */; };
		B635ED6318FDB4B00038B130 /* TiHTTPHelper.m in Sources */ = {isa = PBXBuildFile; fileRef = B635ED5918FDB4B00038B130 /* TiHTTPHelper.m */; };
		B635ED6418FDB4B00038B130 /* TiHTTPOperation.m in Sources */ = {isa = PBXBuildFile; fileRef = B635ED5B18FDB4B00038B130 /* TiHTTPOperation.m */; };
		B635ED6518FDB4B00038B130 /* TiHTTPPostForm.m in Sources */ = {isa = PBXBuildFile; fileRef = B635ED5D18FDB4B00038B130 /* TiHTTPPostForm.m */; };
		B635ED6618FDB4B00038B130 /* TiHTTPRequest.m in Sources */ = {isa = PBXBuildFile; fileRef = B635ED5F18FDB4B00038B130 /* TiHTTPRequest.m */; };
		B635ED6718FDB4B00038B130 /* TiHTTPResponse.m in Sources */ = {isa = PBXBuildFile; fileRef = B635ED6118FDB4B00038B130 /* TiHTTPResponse.m */; };
		B635ED9F18FDB8A30038B130 /* TiHTTPHelper.h in Headers */ = {isa = PBXBuildFile; fileRef = B635ED5818FDB4B00038B130 /* TiHTTPHelper.h */; settings = {ATTRIBUTES = (Public, ); }; };
		B635EDA018FDB8A60038B130 /* TiHTTPOperation.h in Headers */ = {isa = PBXBuildFile; fileRef = B635ED5A18FDB4B00038B130 /* TiHTTPOperation.h */; settings = {ATTRIBUTES = (Public, ); }; };
		B635EDA118FDB8A80038B130 /* TiHTTPPostForm.h in Headers */ = {isa = PBXBuildFile; fileRef = B635ED5C18FDB4B00038B130 /* TiHTTPPostForm.h */; settings = {ATTRIBUTES = (Public, ); }; };
		B635EDA218FDB8AB0038B130 /* TiHTTPRequest.h in Headers */ = {isa = PBXBuildFile; fileRef = B635ED5E18FDB4B00038B130 /* TiHTTPRequest.h */; settings = {ATTRIBUTES = (Public, ); }; };
		B635EDA318FDB8AF0038B130 /* TiHTTPResponse.h in Headers */ = {isa = PBXBuildFile; fileRef = B635ED6018FDB4B00038B130 /* TiHTTPResponse.h */; settings = {ATTRIBUTES = (Public, ); }; };
		B635EDA418FDB8B20038B130 /* TiHTTPClient.h in Headers */ = {isa = PBXBuildFile; fileRef = B635ED6218FDB4B00038B130 /* TiHTTPClient.h */; settings = {ATTRIBUTES = (Public, ); }; };
		B635EDAF18FDC1320038B130 /* MobileCoreServices.framework in Frameworks */ = {isa = PBXBuildFile; fileRef = B635EDAE18FDC1320038B130 /* MobileCoreServices.framework */; };
/* End PBXBuildFile section */

/* Begin PBXFileReference section */
		B635ED4718FDB3320038B130 /* TiHTTPClient.framework */ = {isa = PBXFileReference; explicitFileType = wrapper.cfbundle; includeInIndex = 0; path = TiHTTPClient.framework; sourceTree = BUILT_PRODUCTS_DIR; };
		B635ED4A18FDB3320038B130 /* CoreFoundation.framework */ = {isa = PBXFileReference; lastKnownFileType = wrapper.framework; name = CoreFoundation.framework; path = System/Library/Frameworks/CoreFoundation.framework; sourceTree = SDKROOT; };
		B635ED4E18FDB3320038B130 /* TiHTTPClient-Info.plist */ = {isa = PBXFileReference; lastKnownFileType = text.plist.xml; path = "TiHTTPClient-Info.plist"; sourceTree = "<group>"; };
		B635ED5018FDB3320038B130 /* en */ = {isa = PBXFileReference; lastKnownFileType = text.plist.strings; name = en; path = en.lproj/InfoPlist.strings; sourceTree = "<group>"; };
		B635ED5218FDB3320038B130 /* TiHTTPClient-Prefix.pch */ = {isa = PBXFileReference; lastKnownFileType = sourcecode.c.h; path = "TiHTTPClient-Prefix.pch"; sourceTree = "<group>"; };
		B635ED5818FDB4B00038B130 /* TiHTTPHelper.h */ = {isa = PBXFileReference; fileEncoding = 4; lastKnownFileType = sourcecode.c.h; path = TiHTTPHelper.h; sourceTree = "<group>"; };
		B635ED5918FDB4B00038B130 /* TiHTTPHelper.m */ = {isa = PBXFileReference; fileEncoding = 4; lastKnownFileType = sourcecode.c.objc; path = TiHTTPHelper.m; sourceTree = "<group>"; };
		B635ED5A18FDB4B00038B130 /* TiHTTPOperation.h */ = {isa = PBXFileReference; fileEncoding = 4; lastKnownFileType = sourcecode.c.h; path = TiHTTPOperation.h; sourceTree = "<group>"; };
		B635ED5B18FDB4B00038B130 /* TiHTTPOperation.m */ = {isa = PBXFileReference; fileEncoding = 4; lastKnownFileType = sourcecode.c.objc; path = TiHTTPOperation.m; sourceTree = "<group>"; };
		B635ED5C18FDB4B00038B130 /* TiHTTPPostForm.h */ = {isa = PBXFileReference; fileEncoding = 4; lastKnownFileType = sourcecode.c.h; path = TiHTTPPostForm.h; sourceTree = "<group>"; };
		B635ED5D18FDB4B00038B130 /* TiHTTPPostForm.m */ = {isa = PBXFileReference; fileEncoding = 4; lastKnownFileType = sourcecode.c.objc; path = TiHTTPPostForm.m; sourceTree = "<group>"; };
		B635ED5E18FDB4B00038B130 /* TiHTTPRequest.h */ = {isa = PBXFileReference; fileEncoding = 4; lastKnownFileType = sourcecode.c.h; path = TiHTTPRequest.h; sourceTree = "<group>"; };
		B635ED5F18FDB4B00038B130 /* TiHTTPRequest.m */ = {isa = PBXFileReference; fileEncoding = 4; lastKnownFileType = sourcecode.c.objc; path = TiHTTPRequest.m; sourceTree = "<group>"; };
		B635ED6018FDB4B00038B130 /* TiHTTPResponse.h */ = {isa = PBXFileReference; fileEncoding = 4; lastKnownFileType = sourcecode.c.h; path = TiHTTPResponse.h; sourceTree = "<group>"; };
		B635ED6118FDB4B00038B130 /* TiHTTPResponse.m */ = {isa = PBXFileReference; fileEncoding = 4; lastKnownFileType = sourcecode.c.objc; path = TiHTTPResponse.m; sourceTree = "<group>"; };
		B635ED6218FDB4B00038B130 /* TiHTTPClient.h */ = {isa = PBXFileReference; fileEncoding = 4; lastKnownFileType = sourcecode.c.h; path = TiHTTPClient.h; sourceTree = "<group>"; };
		B635EDAE18FDC1320038B130 /* MobileCoreServices.framework */ = {isa = PBXFileReference; lastKnownFileType = wrapper.framework; name = MobileCoreServices.framework; path = System/Library/Frameworks/MobileCoreServices.framework; sourceTree = SDKROOT; };
/* End PBXFileReference section */

/* Begin PBXFrameworksBuildPhase section */
		B635ED4418FDB3320038B130 /* Frameworks */ = {
			isa = PBXFrameworksBuildPhase;
			buildActionMask = 2147483647;
			files = (
				B635EDAF18FDC1320038B130 /* MobileCoreServices.framework in Frameworks */,
				B635ED4B18FDB3320038B130 /* CoreFoundation.framework in Frameworks */,
			);
			runOnlyForDeploymentPostprocessing = 0;
		};
/* End PBXFrameworksBuildPhase section */

/* Begin PBXGroup section */
		B635ED3E18FDB3310038B130 = {
			isa = PBXGroup;
			children = (
				B635ED4C18FDB3320038B130 /* TiHTTPClient */,
				B635ED4918FDB3320038B130 /* Frameworks */,
				B635ED4818FDB3320038B130 /* Products */,
			);
			sourceTree = "<group>";
		};
		B635ED4818FDB3320038B130 /* Products */ = {
			isa = PBXGroup;
			children = (
				B635ED4718FDB3320038B130 /* TiHTTPClient.framework */,
			);
			name = Products;
			sourceTree = "<group>";
		};
		B635ED4918FDB3320038B130 /* Frameworks */ = {
			isa = PBXGroup;
			children = (
				B635EDAE18FDC1320038B130 /* MobileCoreServices.framework */,
				B635ED4A18FDB3320038B130 /* CoreFoundation.framework */,
			);
			name = Frameworks;
			sourceTree = "<group>";
		};
		B635ED4C18FDB3320038B130 /* TiHTTPClient */ = {
			isa = PBXGroup;
			children = (
				B635ED9D18FDB7FD0038B130 /* Headers */,
				B635ED5918FDB4B00038B130 /* TiHTTPHelper.m */,
				B635ED5B18FDB4B00038B130 /* TiHTTPOperation.m */,
				B635ED5D18FDB4B00038B130 /* TiHTTPPostForm.m */,
				B635ED5F18FDB4B00038B130 /* TiHTTPRequest.m */,
				B635ED6118FDB4B00038B130 /* TiHTTPResponse.m */,
				B635ED4D18FDB3320038B130 /* Supporting Files */,
			);
			path = TiHTTPClient;
			sourceTree = "<group>";
		};
		B635ED4D18FDB3320038B130 /* Supporting Files */ = {
			isa = PBXGroup;
			children = (
				B635ED4E18FDB3320038B130 /* TiHTTPClient-Info.plist */,
				B635ED4F18FDB3320038B130 /* InfoPlist.strings */,
				B635ED5218FDB3320038B130 /* TiHTTPClient-Prefix.pch */,
			);
			name = "Supporting Files";
			sourceTree = "<group>";
		};
		B635ED9D18FDB7FD0038B130 /* Headers */ = {
			isa = PBXGroup;
			children = (
				B635ED5818FDB4B00038B130 /* TiHTTPHelper.h */,
				B635ED5A18FDB4B00038B130 /* TiHTTPOperation.h */,
				B635ED5C18FDB4B00038B130 /* TiHTTPPostForm.h */,
				B635ED5E18FDB4B00038B130 /* TiHTTPRequest.h */,
				B635ED6018FDB4B00038B130 /* TiHTTPResponse.h */,
				B635ED6218FDB4B00038B130 /* TiHTTPClient.h */,
			);
			name = Headers;
			sourceTree = "<group>";
		};
/* End PBXGroup section */

/* Begin PBXHeadersBuildPhase section */
		B635ED9E18FDB8990038B130 /* Headers */ = {
			isa = PBXHeadersBuildPhase;
			buildActionMask = 2147483647;
			files = (
				B635EDA418FDB8B20038B130 /* TiHTTPClient.h in Headers */,
				B635ED9F18FDB8A30038B130 /* TiHTTPHelper.h in Headers */,
				B635EDA018FDB8A60038B130 /* TiHTTPOperation.h in Headers */,
				B635EDA118FDB8A80038B130 /* TiHTTPPostForm.h in Headers */,
				B635EDA218FDB8AB0038B130 /* TiHTTPRequest.h in Headers */,
				B635EDA318FDB8AF0038B130 /* TiHTTPResponse.h in Headers */,
			);
			runOnlyForDeploymentPostprocessing = 0;
		};
/* End PBXHeadersBuildPhase section */

/* Begin PBXNativeTarget section */
		B635ED4618FDB3320038B130 /* TiHTTPClient */ = {
			isa = PBXNativeTarget;
			buildConfigurationList = B635ED5518FDB3320038B130 /* Build configuration list for PBXNativeTarget "TiHTTPClient" */;
			buildPhases = (
				B635ED4318FDB3320038B130 /* Sources */,
				B635ED4418FDB3320038B130 /* Frameworks */,
				B635ED4518FDB3320038B130 /* Resources */,
				B635ED9E18FDB8990038B130 /* Headers */,
			);
			buildRules = (
			);
			dependencies = (
			);
			name = TiHTTPClient;
			productName = TiHTTPClient;
			productReference = B635ED4718FDB3320038B130 /* TiHTTPClient.framework */;
			productType = "com.apple.product-type.bundle";
		};
/* End PBXNativeTarget section */

/* Begin PBXProject section */
		B635ED3F18FDB3310038B130 /* Project object */ = {
			isa = PBXProject;
			attributes = {
				LastUpgradeCheck = 0500;
				ORGANIZATIONNAME = "Pedro Enrique";
			};
			buildConfigurationList = B635ED4218FDB3310038B130 /* Build configuration list for PBXProject "TiHTTPClient" */;
			compatibilityVersion = "Xcode 3.2";
			developmentRegion = English;
			hasScannedForEncodings = 0;
			knownRegions = (
				en,
			);
			mainGroup = B635ED3E18FDB3310038B130;
			productRefGroup = B635ED4818FDB3320038B130 /* Products */;
			projectDirPath = "";
			projectRoot = "";
			targets = (
				B635ED4618FDB3320038B130 /* TiHTTPClient */,
				B635EDA518FDB90A0038B130 /* TiHTTPClient.framework */,
			);
		};
/* End PBXProject section */

/* Begin PBXResourcesBuildPhase section */
		B635ED4518FDB3320038B130 /* Resources */ = {
			isa = PBXResourcesBuildPhase;
			buildActionMask = 2147483647;
			files = (
			);
			runOnlyForDeploymentPostprocessing = 0;
		};
/* End PBXResourcesBuildPhase section */

/* Begin PBXShellScriptBuildPhase section */
		B635EDA918FDB9330038B130 /* ShellScript */ = {
			isa = PBXShellScriptBuildPhase;
			buildActionMask = 2147483647;
			files = (
			);
			inputPaths = (
			);
			outputPaths = (
			);
			runOnlyForDeploymentPostprocessing = 0;
			shellPath = /bin/sh;
			shellScript = "xcodebuild clean -target 'TiHTTPClient' -sdk iphoneos\nxcodebuild clean -target 'TiHTTPClient' -sdk iphonesimulator\n\nxcodebuild -configuration ${CONFIGURATION} -target TiHTTPClient -sdk iphoneos -SYMROOT=${SYMROOT} -OBJROOT=${OBJROOT}\n\nxcodebuild -configuration ${CONFIGURATION} -target TiHTTPClient -sdk iphonesimulator -SYMROOT=${SYMROOT} -OBJROOT=${OBJROOT}\n\nINSTALL_DIR=${SRCROOT}/${TARGET_NAME}\nBUILD_DIR=${SRCROOT}/build\n\n\nDEVICE_DIR=${BUILD_DIR}/${CONFIGURATION}-iphoneos/${TARGET_NAME}\nSIMULATOR_DIR=${BUILD_DIR}/${CONFIGURATION}-iphonesimulator/${TARGET_NAME}\n\n# Create and renews the final product folder.\n\nrm -rf \"${INSTALL_DIR}\"\necho \"${INSTALL_DIR}\"\n\nmkdir -p \"${INSTALL_DIR}\"\n\nmkdir -p \"${INSTALL_DIR}/Versions/A/Headers\"\n\nxcrun -sdk iphoneos lipo -create ${SIMULATOR_DIR}/TiHTTPClient ${DEVICE_DIR}/TiHTTPClient -o ${INSTALL_DIR}/Versions/A/TiHTTPClient\n\n# Copy the header files to the final product folder.\ncp -r \"${SIMULATOR_DIR}/Headers/\" \"${INSTALL_DIR}/Versions/A/Headers/\"\n\nmkdir -p \"${INSTALL_DIR}/Versions/A/Resources\"\n\ncp -r \"${DEVICE_DIR}/\" \"${INSTALL_DIR}/Versions/A/Resources/\"\n\n#create relative symbolic link.\ncd ${INSTALL_DIR}\n\n#link\nln -s A Versions/Current\nln -s Versions/A/TiHTTPClient TiHTTPClient\nln -s Versions/A/Resources Resources\nln -s Versions/A/Headers Headers\n";
		};
/* End PBXShellScriptBuildPhase section */

/* Begin PBXSourcesBuildPhase section */
		B635ED4318FDB3320038B130 /* Sources */ = {
			isa = PBXSourcesBuildPhase;
			buildActionMask = 2147483647;
			files = (
				B635ED6618FDB4B00038B130 /* TiHTTPRequest.m in Sources */,
				B635ED6518FDB4B00038B130 /* TiHTTPPostForm.m in Sources */,
				B635ED6418FDB4B00038B130 /* TiHTTPOperation.m in Sources */,
				B635ED6718FDB4B00038B130 /* TiHTTPResponse.m in Sources */,
				B635ED6318FDB4B00038B130 /* TiHTTPHelper.m in Sources */,
			);
			runOnlyForDeploymentPostprocessing = 0;
		};
/* End PBXSourcesBuildPhase section */

/* Begin PBXVariantGroup section */
		B635ED4F18FDB3320038B130 /* InfoPlist.strings */ = {
			isa = PBXVariantGroup;
			children = (
				B635ED5018FDB3320038B130 /* en */,
			);
			name = InfoPlist.strings;
			sourceTree = "<group>";
		};
/* End PBXVariantGroup section */

/* Begin XCBuildConfiguration section */
		B635ED5318FDB3320038B130 /* Debug */ = {
			isa = XCBuildConfiguration;
			buildSettings = {
				ALWAYS_SEARCH_USER_PATHS = NO;
				CLANG_CXX_LANGUAGE_STANDARD = "gnu++0x";
				CLANG_CXX_LIBRARY = "libc++";
				CLANG_ENABLE_OBJC_ARC = NO;
				CLANG_WARN_BOOL_CONVERSION = YES;
				CLANG_WARN_CONSTANT_CONVERSION = YES;
				CLANG_WARN_DIRECT_OBJC_ISA_USAGE = YES_ERROR;
				CLANG_WARN_EMPTY_BODY = YES;
				CLANG_WARN_ENUM_CONVERSION = YES;
				CLANG_WARN_INT_CONVERSION = YES;
				CLANG_WARN_OBJC_ROOT_CLASS = YES_ERROR;
				CLANG_WARN__DUPLICATE_METHOD_MATCH = YES;
				COPY_PHASE_STRIP = NO;
				DEAD_CODE_STRIPPING = NO;
				GCC_C_LANGUAGE_STANDARD = gnu99;
				GCC_DYNAMIC_NO_PIC = NO;
				GCC_ENABLE_OBJC_EXCEPTIONS = YES;
				GCC_OPTIMIZATION_LEVEL = 0;
				GCC_PREPROCESSOR_DEFINITIONS = (
					"DEBUG=1",
					"$(inherited)",
				);
				GCC_SYMBOLS_PRIVATE_EXTERN = NO;
				GCC_WARN_64_TO_32_BIT_CONVERSION = YES;
				GCC_WARN_ABOUT_RETURN_TYPE = YES_ERROR;
				GCC_WARN_UNDECLARED_SELECTOR = YES;
				GCC_WARN_UNINITIALIZED_AUTOS = YES;
				GCC_WARN_UNUSED_FUNCTION = YES;
				GCC_WARN_UNUSED_VARIABLE = YES;
				INSTALL_PATH = "$(BUILT_PRODUCTS_DIR)";
				IPHONEOS_DEPLOYMENT_TARGET = 5.0;
				LINK_WITH_STANDARD_LIBRARIES = NO;
				MACH_O_TYPE = mh_object;
				MACOSX_DEPLOYMENT_TARGET = "";
				ONLY_ACTIVE_ARCH = YES;
				PRODUCT_NAME = TiHTTPClient;
				SDKROOT = iphoneos;
				SUPPORTED_PLATFORMS = "iphonesimulator iphoneos";
				WRAPPER_EXTENSION = framework;
			};
			name = Debug;
		};
		B635ED5418FDB3320038B130 /* Release */ = {
			isa = XCBuildConfiguration;
			buildSettings = {
				ALWAYS_SEARCH_USER_PATHS = NO;
				CLANG_CXX_LANGUAGE_STANDARD = "gnu++0x";
				CLANG_CXX_LIBRARY = "libc++";
				CLANG_ENABLE_OBJC_ARC = NO;
				CLANG_WARN_BOOL_CONVERSION = YES;
				CLANG_WARN_CONSTANT_CONVERSION = YES;
				CLANG_WARN_DIRECT_OBJC_ISA_USAGE = YES_ERROR;
				CLANG_WARN_EMPTY_BODY = YES;
				CLANG_WARN_ENUM_CONVERSION = YES;
				CLANG_WARN_INT_CONVERSION = YES;
				CLANG_WARN_OBJC_ROOT_CLASS = YES_ERROR;
				CLANG_WARN__DUPLICATE_METHOD_MATCH = YES;
				COPY_PHASE_STRIP = YES;
				DEAD_CODE_STRIPPING = NO;
				DEBUG_INFORMATION_FORMAT = "dwarf-with-dsym";
				ENABLE_NS_ASSERTIONS = NO;
				GCC_C_LANGUAGE_STANDARD = gnu99;
				GCC_ENABLE_OBJC_EXCEPTIONS = YES;
				GCC_WARN_64_TO_32_BIT_CONVERSION = YES;
				GCC_WARN_ABOUT_RETURN_TYPE = YES_ERROR;
				GCC_WARN_UNDECLARED_SELECTOR = YES;
				GCC_WARN_UNINITIALIZED_AUTOS = YES;
				GCC_WARN_UNUSED_FUNCTION = YES;
				GCC_WARN_UNUSED_VARIABLE = YES;
				INSTALL_PATH = "$(BUILT_PRODUCTS_DIR)";
				IPHONEOS_DEPLOYMENT_TARGET = 5.0;
				LINK_WITH_STANDARD_LIBRARIES = NO;
				MACH_O_TYPE = mh_object;
				MACOSX_DEPLOYMENT_TARGET = "";
				PRODUCT_NAME = TiHTTPClient;
				SDKROOT = iphoneos;
				SUPPORTED_PLATFORMS = "iphonesimulator iphoneos";
				WRAPPER_EXTENSION = framework;
			};
			name = Release;
		};
		B635ED5618FDB3320038B130 /* Debug */ = {
			isa = XCBuildConfiguration;
			buildSettings = {
				CLANG_ENABLE_OBJC_ARC = NO;
				COMBINE_HIDPI_IMAGES = YES;
				GCC_PRECOMPILE_PREFIX_HEADER = YES;
				GCC_PREFIX_HEADER = "TiHTTPClient/TiHTTPClient-Prefix.pch";
				INFOPLIST_FILE = "TiHTTPClient/TiHTTPClient-Info.plist";
				INSTALL_PATH = "$(LOCAL_LIBRARY_DIR)/Bundles";
				PRODUCT_NAME = "$(TARGET_NAME)";
				WRAPPER_EXTENSION = framework;
			};
			name = Debug;
		};
		B635ED5718FDB3320038B130 /* Release */ = {
			isa = XCBuildConfiguration;
			buildSettings = {
				CLANG_ENABLE_OBJC_ARC = NO;
				COMBINE_HIDPI_IMAGES = YES;
				GCC_PRECOMPILE_PREFIX_HEADER = YES;
				GCC_PREFIX_HEADER = "TiHTTPClient/TiHTTPClient-Prefix.pch";
				INFOPLIST_FILE = "TiHTTPClient/TiHTTPClient-Info.plist";
				INSTALL_PATH = "$(LOCAL_LIBRARY_DIR)/Bundles";
				PRODUCT_NAME = "$(TARGET_NAME)";
				WRAPPER_EXTENSION = framework;
			};
			name = Release;
		};
		B635EDA718FDB90A0038B130 /* Debug */ = {
			isa = XCBuildConfiguration;
			buildSettings = {
				PRODUCT_NAME = "$(TARGET_NAME)";
			};
			name = Debug;
		};
		B635EDA818FDB90A0038B130 /* Release */ = {
			isa = XCBuildConfiguration;
			buildSettings = {
				PRODUCT_NAME = "$(TARGET_NAME)";
			};
			name = Release;
		};
/* End XCBuildConfiguration section */

/* Begin XCConfigurationList section */
		B635ED4218FDB3310038B130 /* Build configuration list for PBXProject "TiHTTPClient" */ = {
			isa = XCConfigurationList;
			buildConfigurations = (
				B635ED5318FDB3320038B130 /* Debug */,
				B635ED5418FDB3320038B130 /* Release */,
			);
			defaultConfigurationIsVisible = 0;
			defaultConfigurationName = Release;
		};
		B635ED5518FDB3320038B130 /* Build configuration list for PBXNativeTarget "TiHTTPClient" */ = {
			isa = XCConfigurationList;
			buildConfigurations = (
				B635ED5618FDB3320038B130 /* Debug */,
				B635ED5718FDB3320038B130 /* Release */,
			);
			defaultConfigurationIsVisible = 0;
			defaultConfigurationName = Release;
		};
		B635EDA618FDB90A0038B130 /* Build configuration list for PBXAggregateTarget "TiHTTPClient.framework" */ = {
			isa = XCConfigurationList;
			buildConfigurations = (
				B635EDA718FDB90A0038B130 /* Debug */,
				B635EDA818FDB90A0038B130 /* Release */,
			);
			defaultConfigurationIsVisible = 0;
			defaultConfigurationName = Release;
		};
/* End XCConfigurationList section */
	};
	rootObject = B635ED3F18FDB3310038B130 /* Project object */;
}
